
Microsoft Visual Studio Solution File, Format Version 12.00
# Visual Studio Version 17
VisualStudioVersion = 17.10.35013.160
MinimumVisualStudioVersion = 10.0.40219.1
Project("{FAE04EC0-301F-11D3-BF4B-00C04F79EFBC}") = "DotNetSamples", "DotNetSamples\DotNetSamples.csproj", "{FFCACF47-50B1-4A64-9EC0-3859EFBC23DA}"
EndProject
Global
	GlobalSection(SolutionConfigurationPlatforms) = preSolution
		Debug|Any CPU = Debug|Any CPU
		Release|Any CPU = Release|Any CPU
	EndGlobalSection
	GlobalSection(ProjectConfigurationPlatforms) = postSolution
		{FFCACF47-50B1-4A64-9EC0-3859EFBC23DA}.Debug|Any CPU.ActiveCfg = Debug|Any CPU
		{FFCACF47-50B1-4A64-9EC0-3859EFBC23DA}.Debug|Any CPU.Build.0 = Debug|Any CPU
		{FFCACF47-50B1-4A64-9EC0-3859EFBC23DA}.Release|Any CPU.ActiveCfg = Release|Any CPU
		{FFCACF47-50B1-4A64-9EC0-3859EFBC23DA}.Release|Any CPU.Build.0 = Release|Any CPU
	EndGlobalSection
	GlobalSection(SolutionProperties) = preSolution
		HideSolutionNode = FALSE
	EndGlobalSection
	GlobalSection(ExtensibilityGlobals) = postSolution
		SolutionGuid = {AF50FC07-8CD8-47C5-B400-231417BEF5D9}
	EndGlobalSection
EndGlobal
